
Microsoft Visual Studio Solution File, Format Version 12.00
# Visual Studio 15
Project("{FAE04EC0-301F-11D3-BF4B-00C04F79EFBC}") = "Assembly-CSharp", "Assembly-CSharp.csproj", "{5827D011-FFE1-ADB2-EF17-342B8A5A6FF8}"
EndProject
Project("{FAE04EC0-301F-11D3-BF4B-00C04F79EFBC}") = "Assembly-CSharp-firstpass", "Assembly-CSharp-firstpass.csproj", "{2C7FC3F7-D295-9708-3102-D45DA9FD1652}"
EndProject
Project("{FAE04EC0-301F-11D3-BF4B-00C04F79EFBC}") = "Assembly-CSharp-Editor-firstpass", "Assembly-CSharp-Editor-firstpass.csproj", "{795DB624-EF52-DBA0-F5DF-4A85E9A8E085}"
EndProject
Global
	GlobalSection(SolutionConfigurationPlatforms) = preSolution
		Debug|Any CPU = Debug|Any CPU
		Release|Any CPU = Release|Any CPU
	EndGlobalSection
	GlobalSection(ProjectConfigurationPlatforms) = postSolution
		{5827D011-FFE1-ADB2-EF17-342B8A5A6FF8}.Debug|Any CPU.ActiveCfg = Debug|Any CPU
		{5827D011-FFE1-ADB2-EF17-342B8A5A6FF8}.Debug|Any CPU.Build.0 = Debug|Any CPU
		{5827D011-FFE1-ADB2-EF17-342B8A5A6FF8}.Release|Any CPU.ActiveCfg = Release|Any CPU
		{5827D011-FFE1-ADB2-EF17-342B8A5A6FF8}.Release|Any CPU.Build.0 = Release|Any CPU
		{2C7FC3F7-D295-9708-3102-D45DA9FD1652}.Debug|Any CPU.ActiveCfg = Debug|Any CPU
		{2C7FC3F7-D295-9708-3102-D45DA9FD1652}.Debug|Any CPU.Build.0 = Debug|Any CPU
		{2C7FC3F7-D295-9708-3102-D45DA9FD1652}.Release|Any CPU.ActiveCfg = Release|Any CPU
		{2C7FC3F7-D295-9708-3102-D45DA9FD1652}.Release|Any CPU.Build.0 = Release|Any CPU
		{795DB624-EF52-DBA0-F5DF-4A85E9A8E085}.Debug|Any CPU.ActiveCfg = Debug|Any CPU
		{795DB624-EF52-DBA0-F5DF-4A85E9A8E085}.Debug|Any CPU.Build.0 = Debug|Any CPU
		{795DB624-EF52-DBA0-F5DF-4A85E9A8E085}.Release|Any CPU.ActiveCfg = Release|Any CPU
		{795DB624-EF52-DBA0-F5DF-4A85E9A8E085}.Release|Any CPU.Build.0 = Release|Any CPU
	EndGlobalSection
	GlobalSection(SolutionProperties) = preSolution
		HideSolutionNode = FALSE
	EndGlobalSection
EndGlobal
